
Microsoft Visual Studio Solution File, Format Version 12.00
# Visual Studio Version 17
VisualStudioVersion = 17.14.36429.23 d17.14
MinimumVisualStudioVersion = 10.0.40219.1
Project("{FAE04EC0-301F-11D3-BF4B-00C04F79EFBC}") = "webAPI", "webAPI\webAPI.csproj", "{474AE51F-9D03-49D0-A858-87A1440325B7}"
EndProject
Global
	GlobalSection(SolutionConfigurationPlatforms) = preSolution
		Debug|Any CPU = Debug|Any CPU
		Release|Any CPU = Release|Any CPU
	EndGlobalSection
	GlobalSection(ProjectConfigurationPlatforms) = postSolution
		{474AE51F-9D03-49D0-A858-87A1440325B7}.Debug|Any CPU.ActiveCfg = Debug|Any CPU
		{474AE51F-9D03-49D0-A858-87A1440325B7}.Debug|Any CPU.Build.0 = Debug|Any CPU
		{474AE51F-9D03-49D0-A858-87A1440325B7}.Release|Any CPU.ActiveCfg = Release|Any CPU
		{474AE51F-9D03-49D0-A858-87A1440325B7}.Release|Any CPU.Build.0 = Release|Any CPU
	EndGlobalSection
	GlobalSection(SolutionProperties) = preSolution
		HideSolutionNode = FALSE
	EndGlobalSection
	GlobalSection(ExtensibilityGlobals) = postSolution
		SolutionGuid = {E23393F0-2020-48C2-A200-8F378D4DBED3}
	EndGlobalSection
EndGlobal
